
Microsoft Visual Studio Solution File, Format Version 12.00
# Visual Studio 15
VisualStudioVersion = 15.0.28307.329
MinimumVisualStudioVersion = 10.0.40219.1
Project("{FAE04EC0-301F-11D3-BF4B-00C04F79EFBC}") = "MatchingPairsGame", "MatchingPairsGame\MatchingPairsGame.csproj", "{34AFF218-3C70-464E-AC3F-126C0685753E}"
EndProject
Global
	GlobalSection(SolutionConfigurationPlatforms) = preSolution
		Debug|Any CPU = Debug|Any CPU
		Release|Any CPU = Release|Any CPU
	EndGlobalSection
	GlobalSection(ProjectConfigurationPlatforms) = postSolution
		{34AFF218-3C70-464E-AC3F-126C0685753E}.Debug|Any CPU.ActiveCfg = Debug|Any CPU
		{34AFF218-3C70-464E-AC3F-126C0685753E}.Debug|Any CPU.Build.0 = Debug|Any CPU
		{34AFF218-3C70-464E-AC3F-126C0685753E}.Release|Any CPU.ActiveCfg = Release|Any CPU
		{34AFF218-3C70-464E-AC3F-126C0685753E}.Release|Any CPU.Build.0 = Release|Any CPU
	EndGlobalSection
	GlobalSection(SolutionProperties) = preSolution
		HideSolutionNode = FALSE
	EndGlobalSection
	GlobalSection(ExtensibilityGlobals) = postSolution
		SolutionGuid = {246FDF60-E030-48FD-AEEF-6F8014D3034B}
	EndGlobalSection
EndGlobal
